
Microsoft Visual Studio Solution File, Format Version 12.00
# Visual Studio Version 16
VisualStudioVersion = 16.0.32929.386
MinimumVisualStudioVersion = 10.0.40219.1
Project("{9A19103F-16F7-4668-BE54-9A1E7A4F7556}") = "rsFoodtrucks", "rsFoodtrucks\rsFoodtrucks.csproj", "{38FBDD10-740F-4F3A-A856-274B6B24BC49}"
EndProject
Global
	GlobalSection(SolutionConfigurationPlatforms) = preSolution
		Debug|Any CPU = Debug|Any CPU
		Release|Any CPU = Release|Any CPU
	EndGlobalSection
	GlobalSection(ProjectConfigurationPlatforms) = postSolution
		{38FBDD10-740F-4F3A-A856-274B6B24BC49}.Debug|Any CPU.ActiveCfg = Debug|Any CPU
		{38FBDD10-740F-4F3A-A856-274B6B24BC49}.Debug|Any CPU.Build.0 = Debug|Any CPU
		{38FBDD10-740F-4F3A-A856-274B6B24BC49}.Release|Any CPU.ActiveCfg = Release|Any CPU
		{38FBDD10-740F-4F3A-A856-274B6B24BC49}.Release|Any CPU.Build.0 = Release|Any CPU
	EndGlobalSection
	GlobalSection(SolutionProperties) = preSolution
		HideSolutionNode = FALSE
	EndGlobalSection
	GlobalSection(ExtensibilityGlobals) = postSolution
		SolutionGuid = {63A770E7-5FF3-403C-87CE-C7B12ED0D90F}
	EndGlobalSection
EndGlobal
